// !$*UTF8*$!
{
	archiveVersion = 1;
	classes = {
	};
	objectVersion = 77;
	objects = {

/* Begin PBXBuildFile section */
		A10000000000000000000001 /* SnagDomain in Frameworks */ = {isa = PBXBuildFile; productRef = A50000000000000000000001 /* SnagDomain */; };
		A10000000000000000000002 /* SnagDomain in Frameworks */ = {isa = PBXBuildFile; productRef = A50000000000000000000002 /* SnagDomain */; };
		A10000000000000000000003 /* SnagWidgets.appex in Embed Foundation Extensions */ = {isa = PBXBuildFile; fileRef = A30000000000000000000004 /* SnagWidgets.appex */; settings = {ATTRIBUTES = (RemoveHeadersOnCopy, ); }; };
/* End PBXBuildFile section */

/* Begin PBXContainerItemProxy section */
		A20000000000000000000001 /* PBXContainerItemProxy */ = {
			isa = PBXContainerItemProxy;
			containerPortal = A90000000000000000000001 /* Project object */;
			proxyType = 1;
			remoteGlobalIDString = A70000000000000000000001;
			remoteInfo = Snag;
		};
		A20000000000000000000002 /* PBXContainerItemProxy */ = {
			isa = PBXContainerItemProxy;
			containerPortal = A90000000000000000000001 /* Project object */;
			proxyType = 1;
			remoteGlobalIDString = A70000000000000000000001;
			remoteInfo = Snag;
		};
		A20000000000000000000003 /* PBXContainerItemProxy */ = {
			isa = PBXContainerItemProxy;
			containerPortal = A90000000000000000000001 /* Project object */;
			proxyType = 1;
			remoteGlobalIDString = A70000000000000000000004;
			remoteInfo = SnagWidgets;
		};
/* End PBXContainerItemProxy section */

/* Begin PBXCopyFilesBuildPhase section */
		AF0000000000000000000001 /* Embed Foundation Extensions */ = {
			isa = PBXCopyFilesBuildPhase;
			buildActionMask = 2147483647;
			dstPath = "";
			dstSubfolderSpec = 13;
			files = (
				A10000000000000000000003 /* SnagWidgets.appex in Embed Foundation Extensions */,
			);
			name = "Embed Foundation Extensions";
			runOnlyForDeploymentPostprocessing = 0;
		};
/* End PBXCopyFilesBuildPhase section */

/* Begin PBXFileReference section */
		A30000000000000000000001 /* Snag.app */ = {isa = PBXFileReference; explicitFileType = wrapper.application; includeInIndex = 0; path = Snag.app; sourceTree = BUILT_PRODUCTS_DIR; };
		A30000000000000000000002 /* SnagTests.xctest */ = {isa = PBXFileReference; explicitFileType = wrapper.cfbundle; includeInIndex = 0; path = SnagTests.xctest; sourceTree = BUILT_PRODUCTS_DIR; };
		A30000000000000000000003 /* SnagUITests.xctest */ = {isa = PBXFileReference; explicitFileType = wrapper.cfbundle; includeInIndex = 0; path = SnagUITests.xctest; sourceTree = BUILT_PRODUCTS_DIR; };
		A30000000000000000000004 /* SnagWidgets.appex */ = {isa = PBXFileReference; explicitFileType = "wrapper.app-extension"; includeInIndex = 0; path = SnagWidgets.appex; sourceTree = BUILT_PRODUCTS_DIR; };
/* End PBXFileReference section */

/* Begin PBXFileSystemSynchronizedRootGroup section */
		A40000000000000000000001 /* Snag */ = {isa = PBXFileSystemSynchronizedRootGroup; path = Snag; sourceTree = "<group>"; };
		A40000000000000000000002 /* SnagTests */ = {isa = PBXFileSystemSynchronizedRootGroup; path = SnagTests; sourceTree = "<group>"; };
		A40000000000000000000003 /* SnagUITests */ = {isa = PBXFileSystemSynchronizedRootGroup; path = SnagUITests; sourceTree = "<group>"; };
		A40000000000000000000004 /* SnagWidgets */ = {isa = PBXFileSystemSynchronizedRootGroup; path = SnagWidgets; sourceTree = "<group>"; };
		A40000000000000000000005 /* SnagShared */ = {isa = PBXFileSystemSynchronizedRootGroup; path = SnagShared; sourceTree = "<group>"; };
/* End PBXFileSystemSynchronizedRootGroup section */

/* Begin PBXFrameworksBuildPhase section */
		A60000000000000000000001 /* Frameworks */ = {
			isa = PBXFrameworksBuildPhase;
			buildActionMask = 2147483647;
			files = (
				A10000000000000000000001 /* SnagDomain in Frameworks */,
			);
			runOnlyForDeploymentPostprocessing = 0;
		};
		A60000000000000000000002 /* Frameworks */ = {
			isa = PBXFrameworksBuildPhase;
			buildActionMask = 2147483647;
			files = (
				A10000000000000000000002 /* SnagDomain in Frameworks */,
			);
			runOnlyForDeploymentPostprocessing = 0;
		};
		A60000000000000000000003 /* Frameworks */ = {
			isa = PBXFrameworksBuildPhase;
			buildActionMask = 2147483647;
			files = (
			);
			runOnlyForDeploymentPostprocessing = 0;
		};
		A60000000000000000000004 /* Frameworks */ = {
			isa = PBXFrameworksBuildPhase;
			buildActionMask = 2147483647;
			files = (
			);
			runOnlyForDeploymentPostprocessing = 0;
		};
/* End PBXFrameworksBuildPhase section */

/* Begin PBXGroup section */
		A80000000000000000000001 = {
			isa = PBXGroup;
			children = (
				A40000000000000000000001 /* Snag */,
				A40000000000000000000002 /* SnagTests */,
				A40000000000000000000003 /* SnagUITests */,
				A40000000000000000000004 /* SnagWidgets */,
				A40000000000000000000005 /* SnagShared */,
				A80000000000000000000002 /* Products */,
			);
			sourceTree = "<group>";
		};
		A80000000000000000000002 /* Products */ = {
			isa = PBXGroup;
			children = (
				A30000000000000000000001 /* Snag.app */,
				A30000000000000000000002 /* SnagTests.xctest */,
				A30000000000000000000003 /* SnagUITests.xctest */,
				A30000000000000000000004 /* SnagWidgets.appex */,
			);
			name = Products;
			sourceTree = "<group>";
		};
/* End PBXGroup section */

/* Begin PBXNativeTarget section */
		A70000000000000000000001 /* Snag */ = {
			isa = PBXNativeTarget;
			buildConfigurationList = AC0000000000000000000002 /* Build configuration list for PBXNativeTarget "Snag" */;
			buildPhases = (
				AA0000000000000000000001 /* Sources */,
				A60000000000000000000001 /* Frameworks */,
				AB0000000000000000000001 /* Resources */,
				AF0000000000000000000001 /* Embed Foundation Extensions */,
			);
			buildRules = (
			);
			dependencies = (
				AD0000000000000000000003 /* PBXTargetDependency */,
			);
			fileSystemSynchronizedGroups = (
				A40000000000000000000001 /* Snag */,
				A40000000000000000000005 /* SnagShared */,
			);
			name = Snag;
			packageProductDependencies = (
				A50000000000000000000001 /* SnagDomain */,
			);
			productName = Snag;
			productReference = A30000000000000000000001 /* Snag.app */;
			productType = "com.apple.product-type.application";
		};
		A70000000000000000000002 /* SnagTests */ = {
			isa = PBXNativeTarget;
			buildConfigurationList = AC0000000000000000000003 /* Build configuration list for PBXNativeTarget "SnagTests" */;
			buildPhases = (
				AA0000000000000000000002 /* Sources */,
				A60000000000000000000002 /* Frameworks */,
				AB0000000000000000000002 /* Resources */,
			);
			buildRules = (
			);
			dependencies = (
				AD0000000000000000000001 /* PBXTargetDependency */,
			);
			fileSystemSynchronizedGroups = (
				A40000000000000000000002 /* SnagTests */,
			);
			name = SnagTests;
			packageProductDependencies = (
				A50000000000000000000002 /* SnagDomain */,
			);
			productName = SnagTests;
			productReference = A30000000000000000000002 /* SnagTests.xctest */;
			productType = "com.apple.product-type.bundle.unit-test";
		};
		A70000000000000000000003 /* SnagUITests */ = {
			isa = PBXNativeTarget;
			buildConfigurationList = AC0000000000000000000004 /* Build configuration list for PBXNativeTarget "SnagUITests" */;
			buildPhases = (
				AA0000000000000000000003 /* Sources */,
				A60000000000000000000003 /* Frameworks */,
				AB0000000000000000000003 /* Resources */,
			);
			buildRules = (
			);
			dependencies = (
				AD0000000000000000000002 /* PBXTargetDependency */,
			);
			fileSystemSynchronizedGroups = (
				A40000000000000000000003 /* SnagUITests */,
			);
			name = SnagUITests;
			packageProductDependencies = (
			);
			productName = SnagUITests;
			productReference = A30000000000000000000003 /* SnagUITests.xctest */;
			productType = "com.apple.product-type.bundle.ui-testing";
		};
		A70000000000000000000004 /* SnagWidgets */ = {
			isa = PBXNativeTarget;
			buildConfigurationList = AC0000000000000000000005 /* Build configuration list for PBXNativeTarget "SnagWidgets" */;
			buildPhases = (
				AA0000000000000000000004 /* Sources */,
				A60000000000000000000004 /* Frameworks */,
				AB0000000000000000000004 /* Resources */,
			);
			buildRules = (
			);
			dependencies = (
			);
			fileSystemSynchronizedGroups = (
				A40000000000000000000004 /* SnagWidgets */,
				A40000000000000000000005 /* SnagShared */,
			);
			name = SnagWidgets;
			packageProductDependencies = (
			);
			productName = SnagWidgets;
			productReference = A30000000000000000000004 /* SnagWidgets.appex */;
			productType = "com.apple.product-type.app-extension";
		};
/* End PBXNativeTarget section */

/* Begin PBXProject section */
		A90000000000000000000001 /* Project object */ = {
			isa = PBXProject;
			attributes = {
				BuildIndependentTargetsInParallel = 1;
				LastSwiftUpdateCheck = 2600;
				LastUpgradeCheck = 2600;
				TargetAttributes = {
					A70000000000000000000002 = {
						TestTargetID = A70000000000000000000001;
					};
					A70000000000000000000003 = {
						TestTargetID = A70000000000000000000001;
					};
				};
			};
			buildConfigurationList = AC0000000000000000000001 /* Build configuration list for PBXProject "Snag" */;
			developmentRegion = en;
			hasScannedForEncodings = 0;
			knownRegions = (
				en,
				Base,
			);
			mainGroup = A80000000000000000000001;
			minimizedProjectReferenceProxies = 1;
			packageReferences = (
				AE0000000000000000000001 /* XCLocalSwiftPackageReference "SnagDomain" */,
			);
			preferredProjectObjectVersion = 77;
			productRefGroup = A80000000000000000000002 /* Products */;
			projectDirPath = "";
			projectRoot = "";
			targets = (
				A70000000000000000000001 /* Snag */,
				A70000000000000000000002 /* SnagTests */,
				A70000000000000000000003 /* SnagUITests */,
				A70000000000000000000004 /* SnagWidgets */,
			);
		};
/* End PBXProject section */

/* Begin PBXResourcesBuildPhase section */
		AB0000000000000000000001 /* Resources */ = {
			isa = PBXResourcesBuildPhase;
			buildActionMask = 2147483647;
			files = (
			);
			runOnlyForDeploymentPostprocessing = 0;
		};
		AB0000000000000000000002 /* Resources */ = {
			isa = PBXResourcesBuildPhase;
			buildActionMask = 2147483647;
			files = (
			);
			runOnlyForDeploymentPostprocessing = 0;
		};
		AB0000000000000000000003 /* Resources */ = {
			isa = PBXResourcesBuildPhase;
			buildActionMask = 2147483647;
			files = (
			);
			runOnlyForDeploymentPostprocessing = 0;
		};
		AB0000000000000000000004 /* Resources */ = {
			isa = PBXResourcesBuildPhase;
			buildActionMask = 2147483647;
			files = (
			);
			runOnlyForDeploymentPostprocessing = 0;
		};
/* End PBXResourcesBuildPhase section */

/* Begin PBXSourcesBuildPhase section */
		AA0000000000000000000001 /* Sources */ = {
			isa = PBXSourcesBuildPhase;
			buildActionMask = 2147483647;
			files = (
			);
			runOnlyForDeploymentPostprocessing = 0;
		};
		AA0000000000000000000002 /* Sources */ = {
			isa = PBXSourcesBuildPhase;
			buildActionMask = 2147483647;
			files = (
			);
			runOnlyForDeploymentPostprocessing = 0;
		};
		AA0000000000000000000003 /* Sources */ = {
			isa = PBXSourcesBuildPhase;
			buildActionMask = 2147483647;
			files = (
			);
			runOnlyForDeploymentPostprocessing = 0;
		};
		AA0000000000000000000004 /* Sources */ = {
			isa = PBXSourcesBuildPhase;
			buildActionMask = 2147483647;
			files = (
			);
			runOnlyForDeploymentPostprocessing = 0;
		};
/* End PBXSourcesBuildPhase section */

/* Begin PBXTargetDependency section */
		AD0000000000000000000001 /* PBXTargetDependency */ = {
			isa = PBXTargetDependency;
			target = A70000000000000000000001 /* Snag */;
			targetProxy = A20000000000000000000001 /* PBXContainerItemProxy */;
		};
		AD0000000000000000000002 /* PBXTargetDependency */ = {
			isa = PBXTargetDependency;
			target = A70000000000000000000001 /* Snag */;
			targetProxy = A20000000000000000000002 /* PBXContainerItemProxy */;
		};
		AD0000000000000000000003 /* PBXTargetDependency */ = {
			isa = PBXTargetDependency;
			target = A70000000000000000000004 /* SnagWidgets */;
			targetProxy = A20000000000000000000003 /* PBXContainerItemProxy */;
		};
/* End PBXTargetDependency section */

/* Begin XCBuildConfiguration section */
		B00000000000000000000001 /* Debug */ = {
			isa = XCBuildConfiguration;
			buildSettings = {
				ALWAYS_SEARCH_USER_PATHS = NO;
				ASSETCATALOG_COMPILER_GENERATE_SWIFT_ASSET_SYMBOL_EXTENSIONS = YES;
				CLANG_ANALYZER_NONNULL = YES;
				CLANG_ENABLE_MODULES = YES;
				CLANG_ENABLE_OBJC_ARC = YES;
				CLANG_WARN_DOCUMENTATION_COMMENTS = YES;
				COPY_PHASE_STRIP = NO;
				DEBUG_INFORMATION_FORMAT = dwarf;
				ENABLE_STRICT_OBJC_MSGSEND = YES;
				ENABLE_TESTABILITY = YES;
				ENABLE_USER_SCRIPT_SANDBOXING = YES;
				GCC_C_LANGUAGE_STANDARD = gnu17;
				GCC_DYNAMIC_NO_PIC = NO;
				GCC_NO_COMMON_BLOCKS = YES;
				GCC_OPTIMIZATION_LEVEL = 0;
				GCC_PREPROCESSOR_DEFINITIONS = (
					"DEBUG=1",
					"$(inherited)",
				);
				IPHONEOS_DEPLOYMENT_TARGET = 17.0;
				LOCALIZATION_PREFERS_STRING_CATALOGS = YES;
				MTL_ENABLE_DEBUG_INFO = INCLUDE_SOURCE;
				MTL_FAST_MATH = YES;
				ONLY_ACTIVE_ARCH = YES;
				SDKROOT = iphoneos;
				SWIFT_ACTIVE_COMPILATION_CONDITIONS = "DEBUG $(inherited)";
				SWIFT_OPTIMIZATION_LEVEL = "-Onone";
				SWIFT_STRICT_CONCURRENCY = complete;
				SWIFT_TREAT_WARNINGS_AS_ERRORS = YES;
				SWIFT_VERSION = 6.0;
			};
			name = Debug;
		};
		B00000000000000000000002 /* Release */ = {
			isa = XCBuildConfiguration;
			buildSettings = {
				ALWAYS_SEARCH_USER_PATHS = NO;
				ASSETCATALOG_COMPILER_GENERATE_SWIFT_ASSET_SYMBOL_EXTENSIONS = YES;
				CLANG_ANALYZER_NONNULL = YES;
				CLANG_ENABLE_MODULES = YES;
				CLANG_ENABLE_OBJC_ARC = YES;
				CLANG_WARN_DOCUMENTATION_COMMENTS = YES;
				COPY_PHASE_STRIP = NO;
				DEBUG_INFORMATION_FORMAT = "dwarf-with-dsym";
				ENABLE_NS_ASSERTIONS = NO;
				ENABLE_STRICT_OBJC_MSGSEND = YES;
				ENABLE_USER_SCRIPT_SANDBOXING = YES;
				GCC_C_LANGUAGE_STANDARD = gnu17;
				GCC_NO_COMMON_BLOCKS = YES;
				IPHONEOS_DEPLOYMENT_TARGET = 17.0;
				LOCALIZATION_PREFERS_STRING_CATALOGS = YES;
				MTL_ENABLE_DEBUG_INFO = NO;
				MTL_FAST_MATH = YES;
				SDKROOT = iphoneos;
				SWIFT_COMPILATION_MODE = wholemodule;
				SWIFT_STRICT_CONCURRENCY = complete;
				SWIFT_TREAT_WARNINGS_AS_ERRORS = YES;
				SWIFT_VERSION = 6.0;
				VALIDATE_PRODUCT = YES;
			};
			name = Release;
		};
		B00000000000000000000003 /* Debug */ = {
			isa = XCBuildConfiguration;
			buildSettings = {
				ASSETCATALOG_COMPILER_APPICON_NAME = AppIcon;
				CODE_SIGN_STYLE = Automatic;
				CURRENT_PROJECT_VERSION = 1;
				ENABLE_PREVIEWS = YES;
				GENERATE_INFOPLIST_FILE = NO;
				INFOPLIST_FILE = Config/Info.plist;
				LD_RUNPATH_SEARCH_PATHS = (
					"$(inherited)",
					"@executable_path/Frameworks",
				);
				MARKETING_VERSION = 0.1.0;
				PRODUCT_BUNDLE_IDENTIFIER = ng.snag.app;
				PRODUCT_NAME = "$(TARGET_NAME)";
				SUPPORTED_PLATFORMS = "iphoneos iphonesimulator";
				SWIFT_EMIT_LOC_STRINGS = YES;
				TARGETED_DEVICE_FAMILY = 1;
			};
			name = Debug;
		};
		B00000000000000000000004 /* Release */ = {
			isa = XCBuildConfiguration;
			buildSettings = {
				ASSETCATALOG_COMPILER_APPICON_NAME = AppIcon;
				CODE_SIGN_STYLE = Automatic;
				CURRENT_PROJECT_VERSION = 1;
				ENABLE_PREVIEWS = YES;
				GENERATE_INFOPLIST_FILE = NO;
				INFOPLIST_FILE = Config/Info.plist;
				LD_RUNPATH_SEARCH_PATHS = (
					"$(inherited)",
					"@executable_path/Frameworks",
				);
				MARKETING_VERSION = 0.1.0;
				PRODUCT_BUNDLE_IDENTIFIER = ng.snag.app;
				PRODUCT_NAME = "$(TARGET_NAME)";
				SUPPORTED_PLATFORMS = "iphoneos iphonesimulator";
				SWIFT_EMIT_LOC_STRINGS = YES;
				TARGETED_DEVICE_FAMILY = 1;
			};
			name = Release;
		};
		B00000000000000000000005 /* Debug */ = {
			isa = XCBuildConfiguration;
			buildSettings = {
				BUNDLE_LOADER = "$(TEST_HOST)";
				CODE_SIGN_STYLE = Automatic;
				CURRENT_PROJECT_VERSION = 1;
				GENERATE_INFOPLIST_FILE = YES;
				MARKETING_VERSION = 0.1.0;
				PRODUCT_BUNDLE_IDENTIFIER = ng.snag.tests;
				PRODUCT_NAME = "$(TARGET_NAME)";
				SWIFT_EMIT_LOC_STRINGS = NO;
				TARGETED_DEVICE_FAMILY = 1;
				TEST_HOST = "$(BUILT_PRODUCTS_DIR)/Snag.app/$(BUNDLE_EXECUTABLE_FOLDER_PATH)/Snag";
			};
			name = Debug;
		};
		B00000000000000000000006 /* Release */ = {
			isa = XCBuildConfiguration;
			buildSettings = {
				BUNDLE_LOADER = "$(TEST_HOST)";
				CODE_SIGN_STYLE = Automatic;
				CURRENT_PROJECT_VERSION = 1;
				GENERATE_INFOPLIST_FILE = YES;
				MARKETING_VERSION = 0.1.0;
				PRODUCT_BUNDLE_IDENTIFIER = ng.snag.tests;
				PRODUCT_NAME = "$(TARGET_NAME)";
				SWIFT_EMIT_LOC_STRINGS = NO;
				TARGETED_DEVICE_FAMILY = 1;
				TEST_HOST = "$(BUILT_PRODUCTS_DIR)/Snag.app/$(BUNDLE_EXECUTABLE_FOLDER_PATH)/Snag";
			};
			name = Release;
		};
		B00000000000000000000007 /* Debug */ = {
			isa = XCBuildConfiguration;
			buildSettings = {
				CODE_SIGN_STYLE = Automatic;
				CURRENT_PROJECT_VERSION = 1;
				GENERATE_INFOPLIST_FILE = YES;
				MARKETING_VERSION = 0.1.0;
				PRODUCT_BUNDLE_IDENTIFIER = ng.snag.uitests;
				PRODUCT_NAME = "$(TARGET_NAME)";
				SWIFT_EMIT_LOC_STRINGS = NO;
				TARGETED_DEVICE_FAMILY = 1;
				TEST_TARGET_NAME = Snag;
			};
			name = Debug;
		};
		B00000000000000000000008 /* Release */ = {
			isa = XCBuildConfiguration;
			buildSettings = {
				CODE_SIGN_STYLE = Automatic;
				CURRENT_PROJECT_VERSION = 1;
				GENERATE_INFOPLIST_FILE = YES;
				MARKETING_VERSION = 0.1.0;
				PRODUCT_BUNDLE_IDENTIFIER = ng.snag.uitests;
				PRODUCT_NAME = "$(TARGET_NAME)";
				SWIFT_EMIT_LOC_STRINGS = NO;
				TARGETED_DEVICE_FAMILY = 1;
				TEST_TARGET_NAME = Snag;
			};
			name = Release;
		};
		B00000000000000000000009 /* Debug */ = {
			isa = XCBuildConfiguration;
			buildSettings = {
				CODE_SIGN_STYLE = Automatic;
				CURRENT_PROJECT_VERSION = 1;
				GENERATE_INFOPLIST_FILE = NO;
				INFOPLIST_FILE = Config/Widgets-Info.plist;
				LD_RUNPATH_SEARCH_PATHS = (
					"$(inherited)",
					"@executable_path/Frameworks",
					"@executable_path/../../Frameworks",
				);
				MARKETING_VERSION = 0.1.0;
				PRODUCT_BUNDLE_IDENTIFIER = ng.snag.app.widgets;
				PRODUCT_NAME = "$(TARGET_NAME)";
				SKIP_INSTALL = YES;
				SUPPORTED_PLATFORMS = "iphoneos iphonesimulator";
				SWIFT_EMIT_LOC_STRINGS = YES;
				TARGETED_DEVICE_FAMILY = 1;
			};
			name = Debug;
		};
		B00000000000000000000010 /* Release */ = {
			isa = XCBuildConfiguration;
			buildSettings = {
				CODE_SIGN_STYLE = Automatic;
				CURRENT_PROJECT_VERSION = 1;
				GENERATE_INFOPLIST_FILE = NO;
				INFOPLIST_FILE = Config/Widgets-Info.plist;
				LD_RUNPATH_SEARCH_PATHS = (
					"$(inherited)",
					"@executable_path/Frameworks",
					"@executable_path/../../Frameworks",
				);
				MARKETING_VERSION = 0.1.0;
				PRODUCT_BUNDLE_IDENTIFIER = ng.snag.app.widgets;
				PRODUCT_NAME = "$(TARGET_NAME)";
				SKIP_INSTALL = YES;
				SUPPORTED_PLATFORMS = "iphoneos iphonesimulator";
				SWIFT_EMIT_LOC_STRINGS = YES;
				TARGETED_DEVICE_FAMILY = 1;
			};
			name = Release;
		};
/* End XCBuildConfiguration section */

/* Begin XCConfigurationList section */
		AC0000000000000000000001 /* Build configuration list for PBXProject "Snag" */ = {
			isa = XCConfigurationList;
			buildConfigurations = (
				B00000000000000000000001 /* Debug */,
				B00000000000000000000002 /* Release */,
			);
			defaultConfigurationIsVisible = 0;
			defaultConfigurationName = Release;
		};
		AC0000000000000000000002 /* Build configuration list for PBXNativeTarget "Snag" */ = {
			isa = XCConfigurationList;
			buildConfigurations = (
				B00000000000000000000003 /* Debug */,
				B00000000000000000000004 /* Release */,
			);
			defaultConfigurationIsVisible = 0;
			defaultConfigurationName = Release;
		};
		AC0000000000000000000003 /* Build configuration list for PBXNativeTarget "SnagTests" */ = {
			isa = XCConfigurationList;
			buildConfigurations = (
				B00000000000000000000005 /* Debug */,
				B00000000000000000000006 /* Release */,
			);
			defaultConfigurationIsVisible = 0;
			defaultConfigurationName = Release;
		};
		AC0000000000000000000004 /* Build configuration list for PBXNativeTarget "SnagUITests" */ = {
			isa = XCConfigurationList;
			buildConfigurations = (
				B00000000000000000000007 /* Debug */,
				B00000000000000000000008 /* Release */,
			);
			defaultConfigurationIsVisible = 0;
			defaultConfigurationName = Release;
		};
		AC0000000000000000000005 /* Build configuration list for PBXNativeTarget "SnagWidgets" */ = {
			isa = XCConfigurationList;
			buildConfigurations = (
				B00000000000000000000009 /* Debug */,
				B00000000000000000000010 /* Release */,
			);
			defaultConfigurationIsVisible = 0;
			defaultConfigurationName = Release;
		};
/* End XCConfigurationList section */

/* Begin XCLocalSwiftPackageReference section */
		AE0000000000000000000001 /* XCLocalSwiftPackageReference "SnagDomain" */ = {
			isa = XCLocalSwiftPackageReference;
			relativePath = SnagDomain;
		};
/* End XCLocalSwiftPackageReference section */

/* Begin XCSwiftPackageProductDependency section */
		A50000000000000000000001 /* SnagDomain */ = {
			isa = XCSwiftPackageProductDependency;
			productName = SnagDomain;
		};
		A50000000000000000000002 /* SnagDomain */ = {
			isa = XCSwiftPackageProductDependency;
			productName = SnagDomain;
		};
/* End XCSwiftPackageProductDependency section */
	};
	rootObject = A90000000000000000000001 /* Project object */;
}
